PODS:
  - HydraAsync (2.0.5)
  - Katana (5.1.1):
    - HydraAsync (< 3, >= 2.0.5)
  - Nuke (9.2.4)
  - PinLayout (1.9.3)
  - Tempura (6.2.0):
    - Katana (< 6, >= 5.0)
  - VerticalCardSwiper (2.3.1)

DEPENDENCIES:
  - Katana
  - Nuke
  - PinLayout
  - Tempura
  - VerticalCardSwiper

SPEC REPOS:
  trunk:
    - HydraAsync
    - Katana
    - Nuke
    - PinLayout
    - Tempura
    - VerticalCardSwiper

SPEC CHECKSUMS:
  HydraAsync: 6b74390f143e7edfb8bd3c706262b67bbefc09df
  Katana: c39f776bca8a525b74840a6b3dae604cfcc31fff
  Nuke: 44439f7a92e665a4f927ecd73cb51f91d93b0e0c
  PinLayout: 4d8733121f8687edcc8f00c19bf1379d12808767
  Tempura: d72a082ae9b4589c95ec45e40dfc31ec564ae9b9
  VerticalCardSwiper: 68df635b354500f86934ea044ade37a264c044c6

PODFILE CHECKSUM: 29ffd3918c7ebe1dd56ee15240077ed48ae526b3

COCOAPODS: 1.10.1
